
Microsoft Visual Studio Solution File, Format Version 12.00
# Visual Studio 15
VisualStudioVersion = 15.0.26403.7
MinimumVisualStudioVersion = 10.0.40219.1
Project("{FAE04EC0-301F-11D3-BF4B-00C04F79EFBC}") = "TDD-BI", "TDD-BI\TDD-BI.csproj", "{10B48A29-9373-46FD-99FC-79E6C8ABAB11}"
EndProject
Project("{FAE04EC0-301F-11D3-BF4B-00C04F79EFBC}") = "TDD-TESTS", "TDD-TESTS\TDD-TESTS.csproj", "{2ED5A677-59DB-4203-9103-F8E3E263599F}"
EndProject
Global
	GlobalSection(SolutionConfigurationPlatforms) = preSolution
		Debug|Any CPU = Debug|Any CPU
		Release|Any CPU = Release|Any CPU
	EndGlobalSection
	GlobalSection(ProjectConfigurationPlatforms) = postSolution
		{10B48A29-9373-46FD-99FC-79E6C8ABAB11}.Debug|Any CPU.ActiveCfg = Debug|Any CPU
		{10B48A29-9373-46FD-99FC-79E6C8ABAB11}.Debug|Any CPU.Build.0 = Debug|Any CPU
		{10B48A29-9373-46FD-99FC-79E6C8ABAB11}.Release|Any CPU.ActiveCfg = Release|Any CPU
		{10B48A29-9373-46FD-99FC-79E6C8ABAB11}.Release|Any CPU.Build.0 = Release|Any CPU
		{2ED5A677-59DB-4203-9103-F8E3E263599F}.Debug|Any CPU.ActiveCfg = Debug|Any CPU
		{2ED5A677-59DB-4203-9103-F8E3E263599F}.Debug|Any CPU.Build.0 = Debug|Any CPU
		{2ED5A677-59DB-4203-9103-F8E3E263599F}.Release|Any CPU.ActiveCfg = Release|Any CPU
		{2ED5A677-59DB-4203-9103-F8E3E263599F}.Release|Any CPU.Build.0 = Release|Any CPU
	EndGlobalSection
	GlobalSection(SolutionProperties) = preSolution
		HideSolutionNode = FALSE
	EndGlobalSection
EndGlobal
