
Microsoft Visual Studio Solution File, Format Version 12.00
# Visual Studio 15
VisualStudioVersion = 15.0.26403.7
MinimumVisualStudioVersion = 10.0.40219.1
Project("{FAE04EC0-301F-11D3-BF4B-00C04F79EFBC}") = "TDD-BI", "TDD-BI\TDD-BI.csproj", "{10B48A29-9373-46FD-99FC-79E6C8ABAB11}"
EndProject
Project("{FAE04EC0-301F-11D3-BF4B-00C04F79EFBC}") = "TDD-TESTS", "TDD-TESTS\TDD-TESTS.csproj", "{2ED5A677-59DB-4203-9103-F8E3E263599F}"
EndProject
Project("{2150E333-8FDC-42A3-9474-1A3956D46DE8}") = "Ex1", "Ex1", "{9E865869-AC36-45BF-AAD4-08405D5D6C5A}"
EndProject
Project("{FAE04EC0-301F-11D3-BF4B-00C04F79EFBC}") = "ValidationEngine", "VAlidationEngine\ValidationEngine.csproj", "{50283709-C9F7-4A5E-BB27-D3853CBF0EC5}"
EndProject
Project("{FAE04EC0-301F-11D3-BF4B-00C04F79EFBC}") = "ValidationEngineTests", "ValidationEngineTests\ValidationEngineTests.csproj", "{7FBCAA01-CC4F-4D85-B30B-DD0BA4B82038}"
EndProject
Project("{2150E333-8FDC-42A3-9474-1A3956D46DE8}") = "Ex2", "Ex2", "{B4294ADC-A92F-468D-822E-6AECA3C27744}"
EndProject
Project("{FAE04EC0-301F-11D3-BF4B-00C04F79EFBC}") = "TravelAgency", "TravelAgency\TravelAgency.csproj", "{5F19E929-8FFC-489D-857B-A23E764F9E2D}"
EndProject
Project("{FAE04EC0-301F-11D3-BF4B-00C04F79EFBC}") = "TravelAgencyTests", "TravelAgencyTests\TravelAgencyTests.csproj", "{780E1714-0C48-4C78-A916-CC1AFCA7B375}"
EndProject
Project("{2150E333-8FDC-42A3-9474-1A3956D46DE8}") = "EX-Project", "EX-Project", "{FE564F6B-98AF-42BE-A3BC-A9A8431F9AFC}"
EndProject
Project("{2150E333-8FDC-42A3-9474-1A3956D46DE8}") = "UI", "UI", "{21072A7D-9BCB-4FAB-B4EA-C138DCF15351}"
EndProject
Project("{FAE04EC0-301F-11D3-BF4B-00C04F79EFBC}") = "ViedoStore-UI", "ViedoStore-UI\ViedoStore-UI.csproj", "{96C2C50A-D8A9-4335-90C2-14212F0D892B}"
EndProject
Project("{2150E333-8FDC-42A3-9474-1A3956D46DE8}") = "BI", "BI", "{BE7BE14B-2C30-4110-9BC2-54DBCEC663E6}"
EndProject
Project("{FAE04EC0-301F-11D3-BF4B-00C04F79EFBC}") = "ViedoStore-BI", "ViedoStore-BI\ViedoStore-BI.csproj", "{125148D3-EE94-4C7C-B0B8-18A09918DFB3}"
EndProject
Project("{2150E333-8FDC-42A3-9474-1A3956D46DE8}") = "Tests", "Tests", "{1836D270-0E58-457E-B107-2FE57BE13838}"
EndProject
Project("{FAE04EC0-301F-11D3-BF4B-00C04F79EFBC}") = "ViedoStore-TESTS", "ViedoStore-TESTS\ViedoStore-TESTS.csproj", "{67369E73-7231-4708-B3CD-9E7C97104FE5}"
EndProject
Global
	GlobalSection(SolutionConfigurationPlatforms) = preSolution
		Debug|Any CPU = Debug|Any CPU
		Release|Any CPU = Release|Any CPU
	EndGlobalSection
	GlobalSection(ProjectConfigurationPlatforms) = postSolution
		{10B48A29-9373-46FD-99FC-79E6C8ABAB11}.Debug|Any CPU.ActiveCfg = Debug|Any CPU
		{10B48A29-9373-46FD-99FC-79E6C8ABAB11}.Debug|Any CPU.Build.0 = Debug|Any CPU
		{10B48A29-9373-46FD-99FC-79E6C8ABAB11}.Release|Any CPU.ActiveCfg = Release|Any CPU
		{10B48A29-9373-46FD-99FC-79E6C8ABAB11}.Release|Any CPU.Build.0 = Release|Any CPU
		{2ED5A677-59DB-4203-9103-F8E3E263599F}.Debug|Any CPU.ActiveCfg = Debug|Any CPU
		{2ED5A677-59DB-4203-9103-F8E3E263599F}.Debug|Any CPU.Build.0 = Debug|Any CPU
		{2ED5A677-59DB-4203-9103-F8E3E263599F}.Release|Any CPU.ActiveCfg = Release|Any CPU
		{2ED5A677-59DB-4203-9103-F8E3E263599F}.Release|Any CPU.Build.0 = Release|Any CPU
		{50283709-C9F7-4A5E-BB27-D3853CBF0EC5}.Debug|Any CPU.ActiveCfg = Debug|Any CPU
		{50283709-C9F7-4A5E-BB27-D3853CBF0EC5}.Debug|Any CPU.Build.0 = Debug|Any CPU
		{50283709-C9F7-4A5E-BB27-D3853CBF0EC5}.Release|Any CPU.ActiveCfg = Release|Any CPU
		{50283709-C9F7-4A5E-BB27-D3853CBF0EC5}.Release|Any CPU.Build.0 = Release|Any CPU
		{7FBCAA01-CC4F-4D85-B30B-DD0BA4B82038}.Debug|Any CPU.ActiveCfg = Debug|Any CPU
		{7FBCAA01-CC4F-4D85-B30B-DD0BA4B82038}.Debug|Any CPU.Build.0 = Debug|Any CPU
		{7FBCAA01-CC4F-4D85-B30B-DD0BA4B82038}.Release|Any CPU.ActiveCfg = Release|Any CPU
		{7FBCAA01-CC4F-4D85-B30B-DD0BA4B82038}.Release|Any CPU.Build.0 = Release|Any CPU
		{5F19E929-8FFC-489D-857B-A23E764F9E2D}.Debug|Any CPU.ActiveCfg = Debug|Any CPU
		{5F19E929-8FFC-489D-857B-A23E764F9E2D}.Debug|Any CPU.Build.0 = Debug|Any CPU
		{5F19E929-8FFC-489D-857B-A23E764F9E2D}.Release|Any CPU.ActiveCfg = Release|Any CPU
		{5F19E929-8FFC-489D-857B-A23E764F9E2D}.Release|Any CPU.Build.0 = Release|Any CPU
		{780E1714-0C48-4C78-A916-CC1AFCA7B375}.Debug|Any CPU.ActiveCfg = Debug|Any CPU
		{780E1714-0C48-4C78-A916-CC1AFCA7B375}.Debug|Any CPU.Build.0 = Debug|Any CPU
		{780E1714-0C48-4C78-A916-CC1AFCA7B375}.Release|Any CPU.ActiveCfg = Release|Any CPU
		{780E1714-0C48-4C78-A916-CC1AFCA7B375}.Release|Any CPU.Build.0 = Release|Any CPU
		{96C2C50A-D8A9-4335-90C2-14212F0D892B}.Debug|Any CPU.ActiveCfg = Debug|Any CPU
		{96C2C50A-D8A9-4335-90C2-14212F0D892B}.Debug|Any CPU.Build.0 = Debug|Any CPU
		{96C2C50A-D8A9-4335-90C2-14212F0D892B}.Release|Any CPU.ActiveCfg = Release|Any CPU
		{96C2C50A-D8A9-4335-90C2-14212F0D892B}.Release|Any CPU.Build.0 = Release|Any CPU
		{125148D3-EE94-4C7C-B0B8-18A09918DFB3}.Debug|Any CPU.ActiveCfg = Debug|Any CPU
		{125148D3-EE94-4C7C-B0B8-18A09918DFB3}.Debug|Any CPU.Build.0 = Debug|Any CPU
		{125148D3-EE94-4C7C-B0B8-18A09918DFB3}.Release|Any CPU.ActiveCfg = Release|Any CPU
		{125148D3-EE94-4C7C-B0B8-18A09918DFB3}.Release|Any CPU.Build.0 = Release|Any CPU
		{67369E73-7231-4708-B3CD-9E7C97104FE5}.Debug|Any CPU.ActiveCfg = Debug|Any CPU
		{67369E73-7231-4708-B3CD-9E7C97104FE5}.Debug|Any CPU.Build.0 = Debug|Any CPU
		{67369E73-7231-4708-B3CD-9E7C97104FE5}.Release|Any CPU.ActiveCfg = Release|Any CPU
		{67369E73-7231-4708-B3CD-9E7C97104FE5}.Release|Any CPU.Build.0 = Release|Any CPU
	EndGlobalSection
	GlobalSection(SolutionProperties) = preSolution
		HideSolutionNode = FALSE
	EndGlobalSection
	GlobalSection(NestedProjects) = preSolution
		{50283709-C9F7-4A5E-BB27-D3853CBF0EC5} = {9E865869-AC36-45BF-AAD4-08405D5D6C5A}
		{7FBCAA01-CC4F-4D85-B30B-DD0BA4B82038} = {9E865869-AC36-45BF-AAD4-08405D5D6C5A}
		{5F19E929-8FFC-489D-857B-A23E764F9E2D} = {B4294ADC-A92F-468D-822E-6AECA3C27744}
		{780E1714-0C48-4C78-A916-CC1AFCA7B375} = {B4294ADC-A92F-468D-822E-6AECA3C27744}
		{21072A7D-9BCB-4FAB-B4EA-C138DCF15351} = {FE564F6B-98AF-42BE-A3BC-A9A8431F9AFC}
		{96C2C50A-D8A9-4335-90C2-14212F0D892B} = {21072A7D-9BCB-4FAB-B4EA-C138DCF15351}
		{BE7BE14B-2C30-4110-9BC2-54DBCEC663E6} = {FE564F6B-98AF-42BE-A3BC-A9A8431F9AFC}
		{125148D3-EE94-4C7C-B0B8-18A09918DFB3} = {BE7BE14B-2C30-4110-9BC2-54DBCEC663E6}
		{1836D270-0E58-457E-B107-2FE57BE13838} = {FE564F6B-98AF-42BE-A3BC-A9A8431F9AFC}
		{67369E73-7231-4708-B3CD-9E7C97104FE5} = {1836D270-0E58-457E-B107-2FE57BE13838}
	EndGlobalSection
EndGlobal
